
Microsoft Visual Studio Solution File, Format Version 12.00
# Visual Studio Version 17
VisualStudioVersion = 17.9.34723.18
MinimumVisualStudioVersion = 10.0.40219.1
Project("{9A19103F-16F7-4668-BE54-9A1E7A4F7556}") = "BPM-Core.BLL", "BPM-Core.BLL\BPM-Core.BLL.csproj", "{808B455B-4B3E-4834-A7B3-3901F30907F2}"
EndProject
Project("{9A19103F-16F7-4668-BE54-9A1E7A4F7556}") = "BPM-Core.DAL", "BPM-Core.DAL\BPM-Core.DAL.csproj", "{66544C06-2E4E-452B-B70B-9FDA09B12364}"
EndProject
Project("{9A19103F-16F7-4668-BE54-9A1E7A4F7556}") = "BPM-Core.API", "BPM-Core.API\BPM-Core.API.csproj", "{4B866D3B-E998-40D2-A1DF-E167047FFDB8}"
EndProject
Global
	GlobalSection(SolutionConfigurationPlatforms) = preSolution
		Debug|Any CPU = Debug|Any CPU
		Release|Any CPU = Release|Any CPU
	EndGlobalSection
	GlobalSection(ProjectConfigurationPlatforms) = postSolution
		{808B455B-4B3E-4834-A7B3-3901F30907F2}.Debug|Any CPU.ActiveCfg = Debug|Any CPU
		{808B455B-4B3E-4834-A7B3-3901F30907F2}.Debug|Any CPU.Build.0 = Debug|Any CPU
		{808B455B-4B3E-4834-A7B3-3901F30907F2}.Release|Any CPU.ActiveCfg = Release|Any CPU
		{808B455B-4B3E-4834-A7B3-3901F30907F2}.Release|Any CPU.Build.0 = Release|Any CPU
		{66544C06-2E4E-452B-B70B-9FDA09B12364}.Debug|Any CPU.ActiveCfg = Debug|Any CPU
		{66544C06-2E4E-452B-B70B-9FDA09B12364}.Debug|Any CPU.Build.0 = Debug|Any CPU
		{66544C06-2E4E-452B-B70B-9FDA09B12364}.Release|Any CPU.ActiveCfg = Release|Any CPU
		{66544C06-2E4E-452B-B70B-9FDA09B12364}.Release|Any CPU.Build.0 = Release|Any CPU
		{4B866D3B-E998-40D2-A1DF-E167047FFDB8}.Debug|Any CPU.ActiveCfg = Debug|Any CPU
		{4B866D3B-E998-40D2-A1DF-E167047FFDB8}.Debug|Any CPU.Build.0 = Debug|Any CPU
		{4B866D3B-E998-40D2-A1DF-E167047FFDB8}.Release|Any CPU.ActiveCfg = Release|Any CPU
		{4B866D3B-E998-40D2-A1DF-E167047FFDB8}.Release|Any CPU.Build.0 = Release|Any CPU
	EndGlobalSection
	GlobalSection(SolutionProperties) = preSolution
		HideSolutionNode = FALSE
	EndGlobalSection
	GlobalSection(ExtensibilityGlobals) = postSolution
		SolutionGuid = {516048A0-8114-47F2-99CC-DE65F71BA9CD}
	EndGlobalSection
EndGlobal
